# This file is @generated by PDM.
# It is not intended for manual editing.

[metadata]
groups = ["default"]
strategy = ["cross_platform"]
lock_version = "4.4"
content_hash = "sha256:78ad10c4936eeb02f3572326d2326dbb4bb14c0974b501b4e10eaf289317b80f"

[[package]]
name = "asgiref"
version = "3.7.2"
requires_python = ">=3.7"
summary = "ASGI specs, helper code, and adapters"
files = [
    {file = "asgiref-3.7.2-py3-none-any.whl", hash = "sha256:89b2ef2247e3b562a16eef663bc0e2e703ec6468e2fa8a5cd61cd449786d4f6e"},
    {file = "asgiref-3.7.2.tar.gz", hash = "sha256:9e0ce3aa93a819ba5b45120216b23878cf6e8525eb3848653452b4192b92afed"},
]

[[package]]
name = "click"
version = "8.1.7"
requires_python = ">=3.7"
summary = "Composable command line interface toolkit"
dependencies = [
    "colorama; platform_system == \"Windows\"",
]
files = [
    {file = "click-8.1.7-py3-none-any.whl", hash = "sha256:ae74fb96c20a0277a1d615f1e4d73c8414f5a98db8b799a7931d1582f3390c28"},
    {file = "click-8.1.7.tar.gz", hash = "sha256:ca9853ad459e787e2192211578cc907e7594e294c7ccc834310722b41b9ca6de"},
]

[[package]]
name = "colorama"
version = "0.4.6"
requires_python = "!=3.0.*,!=3.1.*,!=3.2.*,!=3.3.*,!=3.4.*,!=3.5.*,!=3.6.*,>=2.7"
summary = "Cross-platform colored terminal text."
files = [
    {file = "colorama-0.4.6-py2.py3-none-any.whl", hash = "sha256:4f1d9991f5acc0ca119f9d443620b77f9d6b33703e51011c16baf57afb285fc6"},
    {file = "colorama-0.4.6.tar.gz", hash = "sha256:08695f5cb7ed6e0531a20572697297273c47b8cae5a63ffc6d6ed5c201be6e44"},
]

[[package]]
name = "django"
version = "5.0.3"
requires_python = ">=3.10"
summary = "A high-level Python web framework that encourages rapid development and clean, pragmatic design."
dependencies = [
    "asgiref<4,>=3.7.0",
    "sqlparse>=0.3.1",
    "tzdata; sys_platform == \"win32\"",
]
files = [
    {file = "Django-5.0.3-py3-none-any.whl", hash = "sha256:5c7d748ad113a81b2d44750ccc41edc14e933f56581683db548c9257e078cc83"},
    {file = "Django-5.0.3.tar.gz", hash = "sha256:5fb37580dcf4a262f9258c1f4373819aacca906431f505e4688e37f3a99195df"},
]

[[package]]
name = "granian"
version = "1.1.1"
requires_python = ">=3.8"
summary = "A Rust HTTP server for Python applications"
dependencies = [
    "typer>=0.4.2",
    "uvloop~=0.18.0; sys_platform != \"win32\" and platform_python_implementation == \"CPython\"",
]
files = [
    {file = "granian-1.1.1-cp311-cp311-macosx_10_12_x86_64.whl", hash = "sha256:54e1b6ffaeaa56445073ee54a2cd5237b1268174f990f59b39a39e3ff00fece2"},
    {file = "granian-1.1.1-cp311-cp311-macosx_11_0_arm64.whl", hash = "sha256:6e15b33986242e066176bb550052f0f1aac98504d2c430fed225103ef25797d0"},
    {file = "granian-1.1.1-cp311-cp311-manylinux_2_17_aarch64.manylinux2014_aarch64.whl", hash = "sha256:2c4ecfbd844e520cc1490260bf24601015613428261c5c7fd9e2e7214d757222"},
    {file = "granian-1.1.1-cp311-cp311-manylinux_2_17_x86_64.manylinux2014_x86_64.whl", hash = "sha256:57a57ec75857f9fca2f882ef87c9b99dc051c5b0a25395bc0eb1f230649449bc"},
    {file = "granian-1.1.1-cp311-cp311-musllinux_1_1_aarch64.whl", hash = "sha256:bc34aa3f3fe309864a36fb3e3db9c28556375141bfe33906dc237351a2a7b517"},
    {file = "granian-1.1.1-cp311-cp311-musllinux_1_1_x86_64.whl", hash = "sha256:5d518df4b43b5c5b633ea94542861dc828e2fc3cfe9a442fa747e2440490e6ec"},
    {file = "granian-1.1.1-cp311-none-win_amd64.whl", hash = "sha256:652a2dcbe043255571c162f841d707e9a1a1c533bb04e986e60e78a37c7d629e"},
    {file = "granian-1.1.1-cp312-cp312-macosx_10_12_x86_64.whl", hash = "sha256:ced8e6e5c20e58fe307b504a59a62eea80419d227ee984b5ad05305f2563241c"},
    {file = "granian-1.1.1-cp312-cp312-macosx_11_0_arm64.whl", hash = "sha256:efea329c3b693bf0f3f1801ad0450fd02baa5718ee75897ecafa13a9f3f99506"},
    {file = "granian-1.1.1-cp312-cp312-manylinux_2_17_aarch64.manylinux2014_aarch64.whl", hash = "sha256:cb4a84c5837e1031c6e59858b6b06c569795d8359cbf55d52c556f9ff4d73f37"},
    {file = "granian-1.1.1-cp312-cp312-manylinux_2_17_x86_64.manylinux2014_x86_64.whl", hash = "sha256:3d84f972fe2e3add2b25774496b5ce26993e0847f6ec6a2d25116f03dd855f84"},
    {file = "granian-1.1.1-cp312-cp312-musllinux_1_1_aarch64.whl", hash = "sha256:8252b1046e686eae90ff7c2ab3a426960dc2a903064f1b1780dc2ec3d65b152f"},
    {file = "granian-1.1.1-cp312-cp312-musllinux_1_1_x86_64.whl", hash = "sha256:2b087d23b6eeaf49a034f33668f971db2fcd33ea24dc43ace85aafdd9bf92c8b"},
    {file = "granian-1.1.1-cp312-none-win_amd64.whl", hash = "sha256:28e527e44d62d40d5f4f2a4cf2543a6193dc2e278b7daa00ef4a70a5e82d6590"},
    {file = "granian-1.1.1-pp310-pypy310_pp73-macosx_10_12_x86_64.whl", hash = "sha256:44eba59bc498611bb9603b087c228d9b4a3ce971aa1fec914226f67841c087ab"},
    {file = "granian-1.1.1-pp310-pypy310_pp73-macosx_11_0_arm64.whl", hash = "sha256:5426cf7bde5051c73a60e6ae16d32bd5daaf06354e8b22f52107fe6d4a28726f"},
    {file = "granian-1.1.1-pp310-pypy310_pp73-manylinux_2_17_aarch64.manylinux2014_aarch64.whl", hash = "sha256:ace314427fa273e60e1732089231a2a23f936a126e1b45c428f2e27d897c45b8"},
    {file = "granian-1.1.1-pp310-pypy310_pp73-manylinux_2_17_x86_64.manylinux2014_x86_64.whl", hash = "sha256:5a4cfc245e786b946be52efe4c1a48e1063353f72b5d43c862a74d27f394e78f"},
    {file = "granian-1.1.1-pp310-pypy310_pp73-musllinux_1_1_aarch64.whl", hash = "sha256:557a62bcfd695d16077bad785ee898865f122239e48131d96776d251d8a604b5"},
    {file = "granian-1.1.1-pp310-pypy310_pp73-musllinux_1_1_x86_64.whl", hash = "sha256:fef58cf86226b97c90af58c6757ea752e87d626830edd78669c6ab994546ed90"},
    {file = "granian-1.1.1-pp310-pypy310_pp73-win_amd64.whl", hash = "sha256:ea544fef5b697e349aaab20d8fbec9a641155e1eec9e363d17d5342af01317fc"},
    {file = "granian-1.1.1-pp38-pypy38_pp73-macosx_10_12_x86_64.whl", hash = "sha256:716ab55b94a40bd796e2a87d5168c85453b78c5c1c2e2f887ae4d0fee4ddb8e2"},
    {file = "granian-1.1.1-pp38-pypy38_pp73-macosx_11_0_arm64.whl", hash = "sha256:a03594d7007a10d8566fe296ea0d8d877f71a4f2ec3b837fcb7f9f5a8e04dad8"},
    {file = "granian-1.1.1-pp38-pypy38_pp73-manylinux_2_17_aarch64.manylinux2014_aarch64.whl", hash = "sha256:71737b25a1ef664c40381e12ad11d7b31d868b373cff573260b94815f5112196"},
    {file = "granian-1.1.1-pp38-pypy38_pp73-manylinux_2_17_x86_64.manylinux2014_x86_64.whl", hash = "sha256:9d1bda2ac06ac1d2310f5f9e756ecab5b42162aba24a3b708640ff49787aeffb"},
    {file = "granian-1.1.1-pp38-pypy38_pp73-musllinux_1_1_aarch64.whl", hash = "sha256:fd9105958468e124053323686aa3253a635a56535ab391073ec290b81d7e4948"},
    {file = "granian-1.1.1-pp38-pypy38_pp73-musllinux_1_1_x86_64.whl", hash = "sha256:775c7d075d44648b058e87266ff554af9d125c95e5603e262b1f49b3ace0d770"},
    {file = "granian-1.1.1-pp38-pypy38_pp73-win_amd64.whl", hash = "sha256:a25d9917a9af3b3d5473a9d9bfc0cf1635432f026c3d8559328a2c1cec33c417"},
    {file = "granian-1.1.1-pp39-pypy39_pp73-macosx_10_12_x86_64.whl", hash = "sha256:08fdd715abbe02a92e7c91bee1f0915240b44c145f4cbfc83954641f4edbf272"},
    {file = "granian-1.1.1-pp39-pypy39_pp73-macosx_11_0_arm64.whl", hash = "sha256:93a71e5d668e1d23ebe328fd9e50f14d8c498711ebc223c84851a4c4f083b19f"},
    {file = "granian-1.1.1-pp39-pypy39_pp73-manylinux_2_17_aarch64.manylinux2014_aarch64.whl", hash = "sha256:3924facf63de1727084a75e7d4b1cc0780857d05796b72b99465af40cf2310a0"},
    {file = "granian-1.1.1-pp39-pypy39_pp73-manylinux_2_17_x86_64.manylinux2014_x86_64.whl", hash = "sha256:960245bb8e49a7ebc64d349b477b053a23de8cbcd7c9f162c9807c391e48f990"},
    {file = "granian-1.1.1-pp39-pypy39_pp73-musllinux_1_1_aarch64.whl", hash = "sha256:bbe30a0259550f1afe9cbc53e8dc49ec8b0a744895eab80b5266f8b8a1ed11cf"},
    {file = "granian-1.1.1-pp39-pypy39_pp73-musllinux_1_1_x86_64.whl", hash = "sha256:ddc4be68e3de65531d161028356b15e5285419fd1fd7a91df76cd690132e8a04"},
    {file = "granian-1.1.1-pp39-pypy39_pp73-win_amd64.whl", hash = "sha256:4fb45ddeb257349c2f635a60236dc176d9c5a9a994c19db3a0a68f6db2260fb5"},
    {file = "granian-1.1.1.tar.gz", hash = "sha256:53af866ac106464f47e5239a55f92a201b1fb00cfb388217037169ed4b431d5c"},
]

[[package]]
name = "sqlparse"
version = "0.4.4"
requires_python = ">=3.5"
summary = "A non-validating SQL parser."
files = [
    {file = "sqlparse-0.4.4-py3-none-any.whl", hash = "sha256:5430a4fe2ac7d0f93e66f1efc6e1338a41884b7ddf2a350cedd20ccc4d9d28f3"},
    {file = "sqlparse-0.4.4.tar.gz", hash = "sha256:d446183e84b8349fa3061f0fe7f06ca94ba65b426946ffebe6e3e8295332420c"},
]

[[package]]
name = "typer"
version = "0.9.0"
requires_python = ">=3.6"
summary = "Typer, build great CLIs. Easy to code. Based on Python type hints."
dependencies = [
    "click<9.0.0,>=7.1.1",
    "typing-extensions>=3.7.4.3",
]
files = [
    {file = "typer-0.9.0-py3-none-any.whl", hash = "sha256:5d96d986a21493606a358cae4461bd8cdf83cbf33a5aa950ae629ca3b51467ee"},
    {file = "typer-0.9.0.tar.gz", hash = "sha256:50922fd79aea2f4751a8e0408ff10d2662bd0c8bbfa84755a699f3bada2978b2"},
]

[[package]]
name = "typing-extensions"
version = "4.10.0"
requires_python = ">=3.8"
summary = "Backported and Experimental Type Hints for Python 3.8+"
files = [
    {file = "typing_extensions-4.10.0-py3-none-any.whl", hash = "sha256:69b1a937c3a517342112fb4c6df7e72fc39a38e7891a5730ed4985b5214b5475"},
    {file = "typing_extensions-4.10.0.tar.gz", hash = "sha256:b0abd7c89e8fb96f98db18d86106ff1d90ab692004eb746cf6eda2682f91b3cb"},
]

[[package]]
name = "tzdata"
version = "2024.1"
requires_python = ">=2"
summary = "Provider of IANA time zone data"
files = [
    {file = "tzdata-2024.1-py2.py3-none-any.whl", hash = "sha256:9068bc196136463f5245e51efda838afa15aaeca9903f49050dfa2679db4d252"},
    {file = "tzdata-2024.1.tar.gz", hash = "sha256:2674120f8d891909751c38abcdfd386ac0a5a1127954fbc332af6b5ceae07efd"},
]

[[package]]
name = "uvloop"
version = "0.18.0"
requires_python = ">=3.7.0"
summary = "Fast implementation of asyncio event loop on top of libuv"
files = [
    {file = "uvloop-0.18.0-cp311-cp311-macosx_10_9_universal2.whl", hash = "sha256:25b714f07c68dcdaad6994414f6ec0f2a3b9565524fba181dcbfd7d9598a3e73"},
    {file = "uvloop-0.18.0-cp311-cp311-macosx_10_9_x86_64.whl", hash = "sha256:1121087dfeb46e9e65920b20d1f46322ba299b8d93f7cb61d76c94b5a1adc20c"},
    {file = "uvloop-0.18.0-cp311-cp311-manylinux_2_17_aarch64.manylinux2014_aarch64.whl", hash = "sha256:74020ef8061678e01a40c49f1716b4f4d1cc71190d40633f08a5ef8a7448a5c6"},
    {file = "uvloop-0.18.0-cp311-cp311-manylinux_2_17_x86_64.manylinux2014_x86_64.whl", hash = "sha256:1f4a549cd747e6f4f8446f4b4c8cb79504a8372d5d3a9b4fc20e25daf8e76c05"},
    {file = "uvloop-0.18.0-cp311-cp311-musllinux_1_1_aarch64.whl", hash = "sha256:6132318e1ab84a626639b252137aa8d031a6c0550250460644c32ed997604088"},
    {file = "uvloop-0.18.0-cp311-cp311-musllinux_1_1_x86_64.whl", hash = "sha256:585b7281f9ea25c4a5fa993b1acca4ad3d8bc3f3fe2e393f0ef51b6c1bcd2fe6"},
    {file = "uvloop-0.18.0-cp312-cp312-macosx_10_9_universal2.whl", hash = "sha256:61151cc207cf5fc88863e50de3d04f64ee0fdbb979d0b97caf21cae29130ed78"},
    {file = "uvloop-0.18.0-cp312-cp312-macosx_10_9_x86_64.whl", hash = "sha256:c65585ae03571b73907b8089473419d8c0aff1e3826b3bce153776de56cbc687"},
    {file = "uvloop-0.18.0-cp312-cp312-manylinux_2_17_aarch64.manylinux2014_aarch64.whl", hash = "sha256:e3d301e23984dcbc92d0e42253e0e0571915f0763f1eeaf68631348745f2dccc"},
    {file = "uvloop-0.18.0-cp312-cp312-manylinux_2_17_x86_64.manylinux2014_x86_64.whl", hash = "sha256:680da98f12a7587f76f6f639a8aa7708936a5d17c5e7db0bf9c9d9cbcb616593"},
    {file = "uvloop-0.18.0-cp312-cp312-musllinux_1_1_aarch64.whl", hash = "sha256:75baba0bfdd385c886804970ae03f0172e0d51e51ebd191e4df09b929771b71e"},
    {file = "uvloop-0.18.0-cp312-cp312-musllinux_1_1_x86_64.whl", hash = "sha256:ed3c28337d2fefc0bac5705b9c66b2702dc392f2e9a69badb1d606e7e7f773bb"},
    {file = "uvloop-0.18.0.tar.gz", hash = "sha256:d5d1135beffe9cd95d0350f19e2716bc38be47d5df296d7cc46e3b7557c0d1ff"},
]
